
Microsoft Visual Studio Solution File, Format Version 12.00
# Visual Studio Version 17
VisualStudioVersion = 17.10.34814.14
MinimumVisualStudioVersion = 10.0.40219.1
Project("{FAE04EC0-301F-11D3-BF4B-00C04F79EFBC}") = "Parcial_Final", "Parcial_Final\Parcial_Final.csproj", "{597242C2-DC2B-4084-A82D-41D522332CE2}"
EndProject
Global
	GlobalSection(SolutionConfigurationPlatforms) = preSolution
		Debug|Any CPU = Debug|Any CPU
		Release|Any CPU = Release|Any CPU
	EndGlobalSection
	GlobalSection(ProjectConfigurationPlatforms) = postSolution
		{597242C2-DC2B-4084-A82D-41D522332CE2}.Debug|Any CPU.ActiveCfg = Debug|Any CPU
		{597242C2-DC2B-4084-A82D-41D522332CE2}.Debug|Any CPU.Build.0 = Debug|Any CPU
		{597242C2-DC2B-4084-A82D-41D522332CE2}.Release|Any CPU.ActiveCfg = Release|Any CPU
		{597242C2-DC2B-4084-A82D-41D522332CE2}.Release|Any CPU.Build.0 = Release|Any CPU
	EndGlobalSection
	GlobalSection(SolutionProperties) = preSolution
		HideSolutionNode = FALSE
	EndGlobalSection
	GlobalSection(ExtensibilityGlobals) = postSolution
		SolutionGuid = {DC3A22D0-55F9-470B-B902-F428C2CF56F1}
	EndGlobalSection
EndGlobal
